{
    "_readme": [
        "This file locks the dependencies of your project to a known state",
        "Read more about it at https://getcomposer.org/doc/01-basic-usage.md#installing-dependencies",
        "This file is @generated automatically"
    ],
    "content-hash": "f5612bc5ef2c4e8144db9a06c13804e8",
    "packages": [
        {
            "name": "vanderlee/syllable",
            "version": "dev-master",
            "source": {
                "type": "git",
                "url": "https://github.com/vanderlee/phpSyllable.git",
                "reference": "d47fe93afd3b698fb16f658df225dbbef851b871"
            },
            "dist": {
                "type": "zip",
                "url": "https://api.github.com/repos/vanderlee/phpSyllable/zipball/d47fe93afd3b698fb16f658df225dbbef851b871",
                "reference": "d47fe93afd3b698fb16f658df225dbbef851b871",
                "shasum": ""
            },
            "require": {
                "ext-dom": "*",
                "ext-json": "*",
                "ext-libxml": "*",
                "ext-mbstring": "*",
                "php": ">=5.6"
            },
            "require-dev": {
                "ext-curl": "*",
                "phpunit/phpunit": "^5.7 || ^6.5 || ^7.5 || ^8.5"
            },
            "default-branch": true,
            "type": "library",
            "autoload": {
                "psr-4": {
                    "Vanderlee\\Syllable\\": "src"
                }
            },
            "notification-url": "https://packagist.org/downloads/",
            "license": [
                "MIT"
            ],
            "description": "Text syllable splitting and hyphenation using Frank M. Liang's TeX algorithm.",
            "homepage": "https://github.com/vanderlee/phpSyllable",
            "keywords": [
                "dash",
                "hyphen",
                "hyphenate",
                "hyphenation",
                "language",
                "locale",
                "split",
                "syllable",
                "syllables",
                "text",
                "words"
            ],
            "support": {
                "issues": "https://github.com/vanderlee/phpSyllable/issues",
                "source": "https://github.com/vanderlee/phpSyllable/"
            },
            "time": "2023-05-14T21:48:11+00:00"
        },
        {
            "name": "yahnis-elsts/plugin-update-checker",
            "version": "v4.13",
            "source": {
                "type": "git",
                "url": "https://github.com/YahnisElsts/plugin-update-checker.git",
                "reference": "6eb27a6911e0e0880d09e5b11f577d3f688f7da7"
            },
            "dist": {
                "type": "zip",
                "url": "https://api.github.com/repos/YahnisElsts/plugin-update-checker/zipball/6eb27a6911e0e0880d09e5b11f577d3f688f7da7",
                "reference": "6eb27a6911e0e0880d09e5b11f577d3f688f7da7",
                "shasum": ""
            },
            "require": {
                "ext-json": "*",
                "php": ">=5.2.0"
            },
            "type": "library",
            "autoload": {
                "files": [
                    "load-v4p13.php"
                ]
            },
            "notification-url": "https://packagist.org/downloads/",
            "license": [
                "MIT"
            ],
            "authors": [
                {
                    "name": "Yahnis Elsts",
                    "email": "whiteshadow@w-shadow.com",
                    "homepage": "http://w-shadow.com/",
                    "role": "Developer"
                }
            ],
            "description": "A custom update checker for WordPress plugins and themes. Useful if you can't host your plugin in the official WP repository but still want it to support automatic updates.",
            "homepage": "https://github.com/YahnisElsts/plugin-update-checker/",
            "keywords": [
                "automatic updates",
                "plugin updates",
                "theme updates",
                "wordpress"
            ],
            "support": {
                "issues": "https://github.com/YahnisElsts/plugin-update-checker/issues",
                "source": "https://github.com/YahnisElsts/plugin-update-checker/tree/v4.13"
            },
            "time": "2022-07-29T12:36:25+00:00"
        }
    ],
    "packages-dev": [],
    "aliases": [],
    "minimum-stability": "stable",
    "stability-flags": {
        "vanderlee/syllable": 20
    },
    "prefer-stable": false,
    "prefer-lowest": false,
    "platform": [],
    "platform-dev": [],
    "platform-overrides": {
        "php": "7.0.0"
    },
    "plugin-api-version": "2.3.0"
}
